# This file is autogenerated, do not edit; changes may be undone by the next 'dep ensure'.


[[projects]]
  digest = "1:5d1b5a25486fc7d4e133646d834f6fca7ba1cef9903d40e7aa786c41b89e9e91"
  name = "github.com/golang/protobuf"
  packages = [
    "proto",
    "protoc-gen-go/descriptor",
    "ptypes",
    "ptypes/any",
    "ptypes/duration",
    "ptypes/timestamp",
  ]
  pruneopts = "UT"
  revision = "aa810b61a9c79d51363740d207bb46cf8e620ed5"
  version = "v1.2.0"

[[projects]]
  branch = "master"
  digest = "1:6c8ac569de644822ffc2e421620ab9c4d5f0f04d5b53c81556d37bf4eb9f9b2c"
  name = "github.com/mdlayher/genetlink"
  packages = ["."]
  pruneopts = "UT"
  revision = "ca85b5a307448462b0aa7a07c67c0846bc12568f"

[[projects]]
  branch = "master"
  digest = "1:6427efcba146b899f8279eb5b9970c55bfb3efb54db05c18a1d3929a62195fb9"
  name = "github.com/mdlayher/netlink"
  packages = [
    ".",
    "nlenc",
  ]
  pruneopts = "UT"
  revision = "18e318c2e5d196c80a3f35e50ba9c954dadd60d1"

[[projects]]
  digest = "1:2d9d06cb9d46dacfdbb45f8575b39fc0126d083841a29d4fbf8d97708f43107e"
  name = "github.com/vishvananda/netlink"
  packages = [
    ".",
    "nl",
  ]
  pruneopts = "UT"
  revision = "a2ad57a690f3caf3015351d2d6e1c0b95c349752"
  version = "v1.0.0"

[[projects]]
  branch = "master"
  digest = "1:e4e30678fb2560b5c62f6308c5023d6c294fc7713216fa379411cc74465e866f"
  name = "github.com/vishvananda/netns"
  packages = ["."]
  pruneopts = "UT"
  revision = "13995c7128ccc8e51e9a6bd2b551020a27180abd"

[[projects]]
  branch = "master"
  digest = "1:b876d0a544971c7c2664f8e50a262060a9f96c0801fc549dd5c0e319bccb1118"
  name = "golang.org/x/net"
  packages = [
    "bpf",
    "context",
    "http/httpguts",
    "http2",
    "http2/hpack",
    "idna",
    "internal/timeseries",
    "trace",
  ]
  pruneopts = "UT"
  revision = "26e67e76b6c3f6ce91f7c52def5af501b4e0f3a2"

[[projects]]
  branch = "master"
  digest = "1:6eb2645d74b43d9c87b51947df39f7c668a4f422cd512053f7f6f75bfaad0197"
  name = "golang.org/x/sys"
  packages = ["unix"]
  pruneopts = "UT"
  revision = "d0be0721c37eeb5299f245a996a483160fc36940"

[[projects]]
  digest = "1:a2ab62866c75542dd18d2b069fec854577a20211d7c0ea6ae746072a1dccdd18"
  name = "golang.org/x/text"
  packages = [
    "collate",
    "collate/build",
    "internal/colltab",
    "internal/gen",
    "internal/tag",
    "internal/triegen",
    "internal/ucd",
    "language",
    "secure/bidirule",
    "transform",
    "unicode/bidi",
    "unicode/cldr",
    "unicode/norm",
    "unicode/rangetable",
  ]
  pruneopts = "UT"
  revision = "f21a4dfb5e38f5895301dc265a8def02365cc3d0"
  version = "v0.3.0"

[[projects]]
  branch = "master"
  digest = "1:4b89f7cb4fa89ee4b8ec3fff8e91105e7f1fee84761edcb063a738e376c53357"
  name = "google.golang.org/genproto"
  packages = ["googleapis/rpc/status"]
  pruneopts = "UT"
  revision = "4b56f30a1fd96a133a036b62cdd2a249883dd89b"

[[projects]]
  digest = "1:dc0c170b110c22d9a4eccf08ab58490608053eac450bf456f3aaf9b30a668781"
  name = "google.golang.org/grpc"
  packages = [
    ".",
    "balancer",
    "balancer/base",
    "balancer/roundrobin",
    "codes",
    "connectivity",
    "credentials",
    "encoding",
    "encoding/proto",
    "grpclog",
    "internal",
    "internal/backoff",
    "internal/channelz",
    "internal/envconfig",
    "internal/grpcrand",
    "internal/transport",
    "keepalive",
    "metadata",
    "naming",
    "peer",
    "reflection",
    "reflection/grpc_reflection_v1alpha",
    "resolver",
    "resolver/dns",
    "resolver/passthrough",
    "stats",
    "status",
    "tap",
  ]
  pruneopts = "UT"
  revision = "8dea3dc473e90c8179e519d91302d0597c0ca1d1"
  version = "v1.15.0"

[solve-meta]
  analyzer-name = "dep"
  analyzer-version = 1
  input-imports = [
    "github.com/golang/protobuf/proto",
    "github.com/mdlayher/genetlink",
    "github.com/mdlayher/netlink",
    "github.com/vishvananda/netlink",
    "golang.org/x/net/context",
    "golang.org/x/sys/unix",
    "google.golang.org/grpc",
    "google.golang.org/grpc/reflection",
  ]
  solver-name = "gps-cdcl"
  solver-version = 1
