# This file is autogenerated, do not edit; changes may be undone by the next 'dep ensure'.


[[projects]]
  digest = "1:a8d622a8049a4aa420e1c509873bb85d4c45c5107f420d922f919bfcb8d08694"
  name = "github.com/beevik/ntp"
  packages = ["."]
  pruneopts = "UT"
  revision = "62c80a04de2086884d8296004b6d74ee1846c582"
  version = "v0.2.0"

[[projects]]
  branch = "master"
  digest = "1:d6afaeed1502aa28e80a4ed0981d570ad91b2579193404256ce672ed0a609e0d"
  name = "github.com/beorn7/perks"
  packages = ["quantile"]
  pruneopts = "UT"
  revision = "3a771d992973f24aa725d07868b467d1ddfceafb"

[[projects]]
  digest = "1:6f9339c912bbdda81302633ad7e99a28dfa5a639c864061f1929510a9a64aa74"
  name = "github.com/dustin/go-humanize"
  packages = ["."]
  pruneopts = "UT"
  revision = "9f541cc9db5d55bce703bd99987c9d5cb8eea45e"
  version = "v1.0.0"

[[projects]]
  branch = "master"
  digest = "1:cdb9dba2225e07678efa150cbb23256f9e8abaf63348461bc8959cdf6d14450f"
  name = "github.com/fullstorydev/grpcurl"
  packages = ["."]
  pruneopts = "UT"
  revision = "0dea37ee70ab8bfc082bfe980e11c02e92947d8a"

[[projects]]
  digest = "1:36ec276c7f6fad2a465e547cd936266ab57f73cf350f261608592004ab331248"
  name = "github.com/golang/protobuf"
  packages = [
    "jsonpb",
    "proto",
    "protoc-gen-go/descriptor",
    "protoc-gen-go/plugin",
    "ptypes",
    "ptypes/any",
    "ptypes/duration",
    "ptypes/empty",
    "ptypes/struct",
    "ptypes/timestamp",
    "ptypes/wrappers",
  ]
  pruneopts = "UT"
  revision = "aa810b61a9c79d51363740d207bb46cf8e620ed5"
  version = "v1.2.0"

[[projects]]
  branch = "master"
  digest = "1:39cbfe12a7ffa695d46316e608933b28d9d0129ee598dedf0e639b74c3da11cf"
  name = "github.com/google/goexpect"
  packages = ["."]
  pruneopts = "UT"
  revision = "b18097df138928108f35d9eb94955cc12954c0d5"

[[projects]]
  branch = "master"
  digest = "1:5b66c432b11dc4996e583c298c03a3120c9f2e1c68d05b72adceff13595892c3"
  name = "github.com/google/goterm"
  packages = ["term"]
  pruneopts = "UT"
  revision = "70e1c263818522aa1ecbdd34d7e143639d447ced"

[[projects]]
  digest = "1:9b7a07ac7577787a8ecc1334cb9f34df1c76ed82a917d556c5713d3ab84fbc43"
  name = "github.com/grpc-ecosystem/go-grpc-prometheus"
  packages = ["."]
  pruneopts = "UT"
  revision = "c225b8c3b01faf2899099b768856a9e916e5087b"
  version = "v1.2.0"

[[projects]]
  digest = "1:54aa298dbd6053925906d334f76e2c39f3a4f171a0ef016db4384a9c66530244"
  name = "github.com/jhump/protoreflect"
  packages = [
    "desc",
    "desc/internal",
    "desc/protoparse",
    "desc/protoprint",
    "dynamic",
    "dynamic/grpcdynamic",
    "grpcreflect",
    "internal",
  ]
  pruneopts = "UT"
  revision = "f90aa080ba36727321f2bc4c61f2a282f756bfab"
  version = "v1.1.0"

[[projects]]
  digest = "1:bafd3a9adf27bf1d851160b0e7a0187c3855223b3920771fdbfe44edf066934e"
  name = "github.com/machinebox/progress"
  packages = ["."]
  pruneopts = "UT"
  revision = "d29346a09ee172269963ae3309e6835d6581a7d0"
  version = "v0.2.0"

[[projects]]
  digest = "1:ff5ebae34cfbf047d505ee150de27e60570e8c394b3b8fdbb720ff6ac71985fc"
  name = "github.com/matttproud/golang_protobuf_extensions"
  packages = ["pbutil"]
  pruneopts = "UT"
  revision = "c12348ce28de40eed0136aa2b644d0ee0650e56c"
  version = "v1.0.1"

[[projects]]
  branch = "master"
  digest = "1:d6664486d8cf8f3053e34f388a5a17b5ca210ed2e25eb3a0d59cc3a95c31abb8"
  name = "github.com/mdlayher/genetlink"
  packages = ["."]
  pruneopts = "UT"
  revision = "e97704c1b7955246e3c4f6d9746a7b45ff3c5a26"

[[projects]]
  branch = "master"
  digest = "1:5752b16f826da12e814b5af1012ad8802731f85b2e397d3d3f36b02e5aabdb81"
  name = "github.com/mdlayher/netlink"
  packages = [
    ".",
    "nlenc",
  ]
  pruneopts = "UT"
  revision = "2e37830c371e54b400461538ef95dae4d2d3279b"

[[projects]]
  branch = "master"
  digest = "1:22945881e448058b73c1e2ac7b508ef3e4de9313e7f2e6d79c7a471adba4ef0d"
  name = "github.com/prometheus/client_golang"
  packages = [
    "prometheus",
    "prometheus/internal",
    "prometheus/promhttp",
    "prometheus/testutil",
  ]
  pruneopts = "UT"
  revision = "ca9acd2391c21ed243ef577fc3aaa856aaae1acf"

[[projects]]
  branch = "master"
  digest = "1:2d5cd61daa5565187e1d96bae64dbbc6080dacf741448e9629c64fd93203b0d4"
  name = "github.com/prometheus/client_model"
  packages = ["go"]
  pruneopts = "UT"
  revision = "5c3871d89910bfb32f5fcab2aa4b9ec68e65a99f"

[[projects]]
  branch = "master"
  digest = "1:db712fde5d12d6cdbdf14b777f0c230f4ff5ab0be8e35b239fc319953ed577a4"
  name = "github.com/prometheus/common"
  packages = [
    "expfmt",
    "internal/bitbucket.org/ww/goautoneg",
    "model",
  ]
  pruneopts = "UT"
  revision = "41aa239b4cce3c56ab88fc366ae8b0a6423fa239"

[[projects]]
  branch = "master"
  digest = "1:ef74914912f99c79434d9c09658274678bc85080ebe3ab32bec3940ebce5e1fc"
  name = "github.com/prometheus/procfs"
  packages = [
    ".",
    "internal/util",
    "nfs",
    "xfs",
  ]
  pruneopts = "UT"
  revision = "185b4288413d2a0dd0806f78c90dde719829e5ae"

[[projects]]
  branch = "master"
  digest = "1:52b21e6be25049834aea5ecdde35d723c00fbdad3ea0357f2072dfb105836e02"
  name = "github.com/tarm/serial"
  packages = ["."]
  pruneopts = "UT"
  revision = "98f6abe2eb07edd42f6dfa2a934aea469acc29b7"

[[projects]]
  branch = "master"
  digest = "1:09abea8b3a58e5a374839129d313dbbf58f54158d71a531a0f3662a6d4bece39"
  name = "github.com/u-root/u-root"
  packages = [
    "integration",
    "pkg/cp",
    "pkg/cpio",
    "pkg/golang",
    "pkg/kmodule",
    "pkg/ldd",
    "pkg/lockfile",
    "pkg/ls",
    "pkg/qemu",
    "pkg/ubinary",
    "pkg/uio",
    "pkg/uroot",
    "pkg/uroot/builder",
    "pkg/uroot/builder/bb",
    "pkg/uroot/initramfs",
    "pkg/uroot/logger",
  ]
  pruneopts = "UT"
  revision = "87d39765cda02b84f301d4436660d5e547523a54"

[[projects]]
  branch = "master"
  digest = "1:430584272d367e3d3228e6fc3eb78ebad4c6bf9024d1dac6d3d08e7e1b02293d"
  name = "github.com/vishvananda/netlink"
  packages = [
    ".",
    "nl",
  ]
  pruneopts = "UT"
  revision = "023a6dafdcdfa7068ac83b260ab7f03cd4131aca"

[[projects]]
  branch = "master"
  digest = "1:e4e30678fb2560b5c62f6308c5023d6c294fc7713216fa379411cc74465e866f"
  name = "github.com/vishvananda/netns"
  packages = ["."]
  pruneopts = "UT"
  revision = "13995c7128ccc8e51e9a6bd2b551020a27180abd"

[[projects]]
  branch = "master"
  digest = "1:f074f4b44932064503c6ce83c9d809f2c2a5310693fc1f1e9f2ec62fde37da71"
  name = "golang.org/x/crypto"
  packages = [
    "cast5",
    "curve25519",
    "ed25519",
    "ed25519/internal/edwards25519",
    "internal/chacha20",
    "internal/subtle",
    "openpgp",
    "openpgp/armor",
    "openpgp/elgamal",
    "openpgp/errors",
    "openpgp/packet",
    "openpgp/s2k",
    "poly1305",
    "ssh",
  ]
  pruneopts = "UT"
  revision = "3d3f9f413869b949e48070b5bc593aa22cc2b8f2"

[[projects]]
  branch = "master"
  digest = "1:744dd02ef2f2422021e8b6e42b09ecee10ccdaf44a75100d422dc966f60e7582"
  name = "golang.org/x/net"
  packages = [
    "bpf",
    "context",
    "http/httpguts",
    "http2",
    "http2/hpack",
    "idna",
    "internal/iana",
    "internal/socket",
    "internal/timeseries",
    "ipv4",
    "trace",
  ]
  pruneopts = "UT"
  revision = "88d92db4c548972d942ac2a3531a8a9a34c82ca6"

[[projects]]
  branch = "master"
  digest = "1:b521f10a2d8fa85c04a8ef4e62f2d1e14d303599a55d64dabf9f5a02f84d35eb"
  name = "golang.org/x/sync"
  packages = ["errgroup"]
  pruneopts = "UT"
  revision = "42b317875d0fa942474b76e1b46a6060d720ae6e"

[[projects]]
  branch = "master"
  digest = "1:7ba061af4131fb44b30448572acd0d6fefbf63a61b97b7ef1dea0be5871c2742"
  name = "golang.org/x/sys"
  packages = ["unix"]
  pruneopts = "UT"
  revision = "66b7b1311ac80bbafcd2daeef9a5e6e2cd1e2399"

[[projects]]
  digest = "1:a2ab62866c75542dd18d2b069fec854577a20211d7c0ea6ae746072a1dccdd18"
  name = "golang.org/x/text"
  packages = [
    "collate",
    "collate/build",
    "internal/colltab",
    "internal/gen",
    "internal/tag",
    "internal/triegen",
    "internal/ucd",
    "language",
    "secure/bidirule",
    "transform",
    "unicode/bidi",
    "unicode/cldr",
    "unicode/norm",
    "unicode/rangetable",
  ]
  pruneopts = "UT"
  revision = "f21a4dfb5e38f5895301dc265a8def02365cc3d0"
  version = "v0.3.0"

[[projects]]
  branch = "master"
  digest = "1:6511064c08bff306dd24fa83ea82e160009fa7572240b70173b25d1dbc3e1872"
  name = "golang.org/x/tools"
  packages = [
    "go/ast/astutil",
    "imports",
    "internal/fastwalk",
    "internal/gopathwalk",
  ]
  pruneopts = "UT"
  revision = "99072bc9d7ade6fc470d6c040de25d2edeac78c4"

[[projects]]
  branch = "master"
  digest = "1:35f86569f6c4e7de167468f31ca95e34c2fd94e510d652d6c018b0f746df0b16"
  name = "google.golang.org/genproto"
  packages = [
    "googleapis/rpc/status",
    "protobuf/api",
    "protobuf/field_mask",
    "protobuf/ptype",
    "protobuf/source_context",
  ]
  pruneopts = "UT"
  revision = "b5d43981345bdb2c233eb4bf3277847b48c6fdc6"

[[projects]]
  digest = "1:e72ebff67b73d31785959af0660215213c58ab50d7b7d61aac0f1a6834c07e8c"
  name = "google.golang.org/grpc"
  packages = [
    ".",
    "balancer",
    "balancer/base",
    "balancer/roundrobin",
    "codes",
    "connectivity",
    "credentials",
    "encoding",
    "encoding/proto",
    "grpclog",
    "internal",
    "internal/backoff",
    "internal/channelz",
    "internal/envconfig",
    "internal/grpcrand",
    "internal/transport",
    "keepalive",
    "metadata",
    "naming",
    "peer",
    "reflection",
    "reflection/grpc_reflection_v1alpha",
    "resolver",
    "resolver/dns",
    "resolver/passthrough",
    "stats",
    "status",
    "tap",
  ]
  pruneopts = "UT"
  revision = "2e463a05d100327ca47ac218281906921038fd95"
  version = "v1.16.0"

[solve-meta]
  analyzer-name = "dep"
  analyzer-version = 1
  input-imports = [
    "github.com/beevik/ntp",
    "github.com/fullstorydev/grpcurl",
    "github.com/golang/protobuf/proto",
    "github.com/golang/protobuf/protoc-gen-go/descriptor",
    "github.com/grpc-ecosystem/go-grpc-prometheus",
    "github.com/jhump/protoreflect/desc",
    "github.com/jhump/protoreflect/grpcreflect",
    "github.com/machinebox/progress",
    "github.com/mdlayher/genetlink",
    "github.com/mdlayher/netlink",
    "github.com/prometheus/client_golang/prometheus",
    "github.com/prometheus/client_golang/prometheus/promhttp",
    "github.com/prometheus/client_golang/prometheus/testutil",
    "github.com/tarm/serial",
    "github.com/u-root/u-root/integration",
    "github.com/u-root/u-root/pkg/golang",
    "github.com/u-root/u-root/pkg/kmodule",
    "github.com/u-root/u-root/pkg/qemu",
    "github.com/u-root/u-root/pkg/uroot",
    "github.com/u-root/u-root/pkg/uroot/builder",
    "github.com/u-root/u-root/pkg/uroot/initramfs",
    "github.com/vishvananda/netlink",
    "github.com/vishvananda/netlink/nl",
    "golang.org/x/crypto/ed25519",
    "golang.org/x/crypto/openpgp",
    "golang.org/x/crypto/openpgp/errors",
    "golang.org/x/crypto/openpgp/packet",
    "golang.org/x/crypto/openpgp/s2k",
    "golang.org/x/net/context",
    "golang.org/x/sync/errgroup",
    "golang.org/x/sys/unix",
    "google.golang.org/grpc",
    "google.golang.org/grpc/codes",
    "google.golang.org/grpc/credentials",
    "google.golang.org/grpc/metadata",
    "google.golang.org/grpc/reflection",
    "google.golang.org/grpc/reflection/grpc_reflection_v1alpha",
    "google.golang.org/grpc/status",
  ]
  solver-name = "gps-cdcl"
  solver-version = 1
